// !$*UTF8*$!
{
	archiveVersion = 1;
	classes = {
	};
	objectVersion = 55;
	objects = {

/* Begin PBXBuildFile section */
		6B4734C427A77D0700F1D401 /* CustomTextField.swift in Sources */ = {isa = PBXBuildFile; fileRef = 6B4734C327A77D0700F1D401 /* CustomTextField.swift */; };
		6B4734C727A77D2600F1D401 /* CustomTextField.xib in Resources */ = {isa = PBXBuildFile; fileRef = 6B4734C627A77D2600F1D401 /* CustomTextField.xib */; };
		6B4734C927A77E7D00F1D401 /* DesignableTExtField.swift in Sources */ = {isa = PBXBuildFile; fileRef = 6B4734C827A77E7D00F1D401 /* DesignableTExtField.swift */; };
		6B4734CB27A77F0800F1D401 /* AddEmployee.swift in Sources */ = {isa = PBXBuildFile; fileRef = 6B4734CA27A77F0800F1D401 /* AddEmployee.swift */; };
		6B4734CD27A77F1800F1D401 /* AddEmployee.xib in Resources */ = {isa = PBXBuildFile; fileRef = 6B4734CC27A77F1800F1D401 /* AddEmployee.xib */; };
		6B4734CF27A7863F00F1D401 /* CustomLabel.swift in Sources */ = {isa = PBXBuildFile; fileRef = 6B4734CE27A7863F00F1D401 /* CustomLabel.swift */; };
		6B4734D127A78D2800F1D401 /* AddEmployeeDetails+EXT.swift in Sources */ = {isa = PBXBuildFile; fileRef = 6B4734D027A78D2800F1D401 /* AddEmployeeDetails+EXT.swift */; };
		6B8F3BBF27952A4700564823 /* AddEmployee+Ext.swift in Sources */ = {isa = PBXBuildFile; fileRef = 6B8F3BBE27952A4700564823 /* AddEmployee+Ext.swift */; };
		6B8F3BC127952B3700564823 /* UIView+Ext.swift in Sources */ = {isa = PBXBuildFile; fileRef = 6B8F3BC027952B3700564823 /* UIView+Ext.swift */; };
		6BA563C3278F174A0056812A /* ListViewController.swift in Sources */ = {isa = PBXBuildFile; fileRef = 6BA563C2278F174A0056812A /* ListViewController.swift */; };
		6BA563C7278F19600056812A /* GlobalUtility.swift in Sources */ = {isa = PBXBuildFile; fileRef = 6BA563C6278F19600056812A /* GlobalUtility.swift */; };
		6BA563CA278F1B630056812A /* StoryBoardHelper.swift in Sources */ = {isa = PBXBuildFile; fileRef = 6BA563C9278F1B630056812A /* StoryBoardHelper.swift */; };
		6BA563CD278F1E6E0056812A /* UiViewController+Ext.swift in Sources */ = {isa = PBXBuildFile; fileRef = 6BA563CC278F1E6E0056812A /* UiViewController+Ext.swift */; };
		6BA563D0278F1EE00056812A /* AppConstant.swift in Sources */ = {isa = PBXBuildFile; fileRef = 6BA563CF278F1EE00056812A /* AppConstant.swift */; };
		6BA563D3278F26B30056812A /* EmployeeProvider.swift in Sources */ = {isa = PBXBuildFile; fileRef = 6BA563D2278F26B30056812A /* EmployeeProvider.swift */; };
		6BA563DB278F60A80056812A /* Protocols.swift in Sources */ = {isa = PBXBuildFile; fileRef = 6BA563DA278F60A80056812A /* Protocols.swift */; };
		6BA563E0278FE5AC0056812A /* ViewController+Ext.swift in Sources */ = {isa = PBXBuildFile; fileRef = 6BA563DF278FE5AC0056812A /* ViewController+Ext.swift */; };
		6BA563E2278FE64C0056812A /* UITextField+Ext.swift in Sources */ = {isa = PBXBuildFile; fileRef = 6BA563E1278FE64C0056812A /* UITextField+Ext.swift */; };
		6BA563E4278FE6870056812A /* Validator.swift in Sources */ = {isa = PBXBuildFile; fileRef = 6BA563E3278FE6870056812A /* Validator.swift */; };
		6BA563E6278FE76A0056812A /* AlertMessage.swift in Sources */ = {isa = PBXBuildFile; fileRef = 6BA563E5278FE76A0056812A /* AlertMessage.swift */; };
		6BA563E8278FE8F00056812A /* String+Ext.swift in Sources */ = {isa = PBXBuildFile; fileRef = 6BA563E7278FE8F00056812A /* String+Ext.swift */; };
		6BA63C9227857C7C00C95B4E /* Employee+CoreDataClass.swift in Sources */ = {isa = PBXBuildFile; fileRef = 6BA63C9027857C7B00C95B4E /* Employee+CoreDataClass.swift */; };
		6BA63C9327857C7C00C95B4E /* Employee+CoreDataProperties.swift in Sources */ = {isa = PBXBuildFile; fileRef = 6BA63C9127857C7C00C95B4E /* Employee+CoreDataProperties.swift */; };
		6BA63C9627857CBB00C95B4E /* CoreData.framework in Frameworks */ = {isa = PBXBuildFile; fileRef = 6BA63C9527857CBB00C95B4E /* CoreData.framework */; };
		6BAB52B22797BC2300046579 /* CustomUITextField.swift in Sources */ = {isa = PBXBuildFile; fileRef = 6BAB52B12797BC2200046579 /* CustomUITextField.swift */; };
		6BAEC453279496E90072CA87 /* AddEmployeeView.swift in Sources */ = {isa = PBXBuildFile; fileRef = 6BAEC452279496E90072CA87 /* AddEmployeeView.swift */; };
		6BAEC455279496F50072CA87 /* AddEmployeeView.xib in Resources */ = {isa = PBXBuildFile; fileRef = 6BAEC454279496F50072CA87 /* AddEmployeeView.xib */; };
		6BB45ABA278016E2002FA7E3 /* AppDelegate.swift in Sources */ = {isa = PBXBuildFile; fileRef = 6BB45AB9278016E2002FA7E3 /* AppDelegate.swift */; };
		6BB45ABC278016E2002FA7E3 /* SceneDelegate.swift in Sources */ = {isa = PBXBuildFile; fileRef = 6BB45ABB278016E2002FA7E3 /* SceneDelegate.swift */; };
		6BB45ABE278016E2002FA7E3 /* ViewController.swift in Sources */ = {isa = PBXBuildFile; fileRef = 6BB45ABD278016E2002FA7E3 /* ViewController.swift */; };
		6BB45AC1278016E2002FA7E3 /* Main.storyboard in Resources */ = {isa = PBXBuildFile; fileRef = 6BB45ABF278016E2002FA7E3 /* Main.storyboard */; };
		6BB45AC4278016E2002FA7E3 /* EmployeeDBWithMVVm.xcdatamodeld in Sources */ = {isa = PBXBuildFile; fileRef = 6BB45AC2278016E2002FA7E3 /* EmployeeDBWithMVVm.xcdatamodeld */; };
		6BB45AC6278016E6002FA7E3 /* Assets.xcassets in Resources */ = {isa = PBXBuildFile; fileRef = 6BB45AC5278016E6002FA7E3 /* Assets.xcassets */; };
		6BB45AC9278016E6002FA7E3 /* LaunchScreen.storyboard in Resources */ = {isa = PBXBuildFile; fileRef = 6BB45AC7278016E6002FA7E3 /* LaunchScreen.storyboard */; };
		6BB45AD4278016E6002FA7E3 /* EmployeeDBWithMVVmTests.swift in Sources */ = {isa = PBXBuildFile; fileRef = 6BB45AD3278016E6002FA7E3 /* EmployeeDBWithMVVmTests.swift */; };
		6BB45ADE278016E6002FA7E3 /* EmployeeDBWithMVVmUITests.swift in Sources */ = {isa = PBXBuildFile; fileRef = 6BB45ADD278016E6002FA7E3 /* EmployeeDBWithMVVmUITests.swift */; };
		6BB45AE0278016E6002FA7E3 /* EmployeeDBWithMVVmUITestsLaunchTests.swift in Sources */ = {isa = PBXBuildFile; fileRef = 6BB45ADF278016E6002FA7E3 /* EmployeeDBWithMVVmUITestsLaunchTests.swift */; };
		6BF1886E278594B3001E5995 /* CustomButton.swift in Sources */ = {isa = PBXBuildFile; fileRef = 6BF1886D278594B3001E5995 /* CustomButton.swift */; };
		6BF1887027859690001E5995 /* DatabaseHelper.swift in Sources */ = {isa = PBXBuildFile; fileRef = 6BF1886F27859690001E5995 /* DatabaseHelper.swift */; };
		6BF18873278597B1001E5995 /* ViewControllerViewModel.swift in Sources */ = {isa = PBXBuildFile; fileRef = 6BF18872278597B1001E5995 /* ViewControllerViewModel.swift */; };
		6BF1887627859F51001E5995 /* CustomTableViewCell.swift in Sources */ = {isa = PBXBuildFile; fileRef = 6BF1887427859F51001E5995 /* CustomTableViewCell.swift */; };
		6BF1887727859F51001E5995 /* CustomTableViewCell.xib in Resources */ = {isa = PBXBuildFile; fileRef = 6BF1887527859F51001E5995 /* CustomTableViewCell.xib */; };
		837B62569A99FF41FE394EB5 /* Pods_EmployeeDBWithMVVmTests.framework in Frameworks */ = {isa = PBXBuildFile; fileRef = CB5CC794E3FA08C50B0EF0DD /* Pods_EmployeeDBWithMVVmTests.framework */; };
		F1D31924055FEE2E939B2765 /* Pods_EmployeeDBWithMVVm_EmployeeDBWithMVVmUITests.framework in Frameworks */ = {isa = PBXBuildFile; fileRef = C4B86B7540EF91005D52DF6E /* Pods_EmployeeDBWithMVVm_EmployeeDBWithMVVmUITests.framework */; };
		FA97DEB4C8B336A319F230B9 /* Pods_EmployeeDBWithMVVm.framework in Frameworks */ = {isa = PBXBuildFile; fileRef = 0394A8E64C4889247E42F775 /* Pods_EmployeeDBWithMVVm.framework */; };
/* End PBXBuildFile section */

/* Begin PBXContainerItemProxy section */
		6BB45AD0278016E6002FA7E3 /* PBXContainerItemProxy */ = {
			isa = PBXContainerItemProxy;
			containerPortal = 6BB45AAE278016E2002FA7E3 /* Project object */;
			proxyType = 1;
			remoteGlobalIDString = 6BB45AB5278016E2002FA7E3;
			remoteInfo = EmployeeDBWithMVVm;
		};
		6BB45ADA278016E6002FA7E3 /* PBXContainerItemProxy */ = {
			isa = PBXContainerItemProxy;
			containerPortal = 6BB45AAE278016E2002FA7E3 /* Project object */;
			proxyType = 1;
			remoteGlobalIDString = 6BB45AB5278016E2002FA7E3;
			remoteInfo = EmployeeDBWithMVVm;
		};
/* End PBXContainerItemProxy section */

/* Begin PBXFileReference section */
		0394A8E64C4889247E42F775 /* Pods_EmployeeDBWithMVVm.framework */ = {isa = PBXFileReference; explicitFileType = wrapper.framework; includeInIndex = 0; path = Pods_EmployeeDBWithMVVm.framework; sourceTree = BUILT_PRODUCTS_DIR; };
		0AC3A0EDBE2D03CED89F2D8F /* Pods-EmployeeDBWithMVVm.debug.xcconfig */ = {isa = PBXFileReference; includeInIndex = 1; lastKnownFileType = text.xcconfig; name = "Pods-EmployeeDBWithMVVm.debug.xcconfig"; path = "Target Support Files/Pods-EmployeeDBWithMVVm/Pods-EmployeeDBWithMVVm.debug.xcconfig"; sourceTree = "<group>"; };
		396CB2E89B4BE6920AC6B72F /* Pods-EmployeeDBWithMVVm-EmployeeDBWithMVVmUITests.release.xcconfig */ = {isa = PBXFileReference; includeInIndex = 1; lastKnownFileType = text.xcconfig; name = "Pods-EmployeeDBWithMVVm-EmployeeDBWithMVVmUITests.release.xcconfig"; path = "Target Support Files/Pods-EmployeeDBWithMVVm-EmployeeDBWithMVVmUITests/Pods-EmployeeDBWithMVVm-EmployeeDBWithMVVmUITests.release.xcconfig"; sourceTree = "<group>"; };
		6B4734C327A77D0700F1D401 /* CustomTextField.swift */ = {isa = PBXFileReference; lastKnownFileType = sourcecode.swift; path = CustomTextField.swift; sourceTree = "<group>"; };
		6B4734C627A77D2600F1D401 /* CustomTextField.xib */ = {isa = PBXFileReference; lastKnownFileType = file.xib; path = CustomTextField.xib; sourceTree = "<group>"; };
		6B4734C827A77E7D00F1D401 /* DesignableTExtField.swift */ = {isa = PBXFileReference; lastKnownFileType = sourcecode.swift; path = DesignableTExtField.swift; sourceTree = "<group>"; };
		6B4734CA27A77F0800F1D401 /* AddEmployee.swift */ = {isa = PBXFileReference; lastKnownFileType = sourcecode.swift; path = AddEmployee.swift; sourceTree = "<group>"; };
		6B4734CC27A77F1800F1D401 /* AddEmployee.xib */ = {isa = PBXFileReference; lastKnownFileType = file.xib; path = AddEmployee.xib; sourceTree = "<group>"; };
		6B4734CE27A7863F00F1D401 /* CustomLabel.swift */ = {isa = PBXFileReference; lastKnownFileType = sourcecode.swift; path = CustomLabel.swift; sourceTree = "<group>"; };
		6B4734D027A78D2800F1D401 /* AddEmployeeDetails+EXT.swift */ = {isa = PBXFileReference; lastKnownFileType = sourcecode.swift; path = "AddEmployeeDetails+EXT.swift"; sourceTree = "<group>"; };
		6B8F3BBE27952A4700564823 /* AddEmployee+Ext.swift */ = {isa = PBXFileReference; lastKnownFileType = sourcecode.swift; path = "AddEmployee+Ext.swift"; sourceTree = "<group>"; };
		6B8F3BC027952B3700564823 /* UIView+Ext.swift */ = {isa = PBXFileReference; lastKnownFileType = sourcecode.swift; path = "UIView+Ext.swift"; sourceTree = "<group>"; };
		6BA563C2278F174A0056812A /* ListViewController.swift */ = {isa = PBXFileReference; lastKnownFileType = sourcecode.swift; path = ListViewController.swift; sourceTree = "<group>"; };
		6BA563C6278F19600056812A /* GlobalUtility.swift */ = {isa = PBXFileReference; lastKnownFileType = sourcecode.swift; path = GlobalUtility.swift; sourceTree = "<group>"; };
		6BA563C9278F1B630056812A /* StoryBoardHelper.swift */ = {isa = PBXFileReference; lastKnownFileType = sourcecode.swift; path = StoryBoardHelper.swift; sourceTree = "<group>"; };
		6BA563CC278F1E6E0056812A /* UiViewController+Ext.swift */ = {isa = PBXFileReference; lastKnownFileType = sourcecode.swift; path = "UiViewController+Ext.swift"; sourceTree = "<group>"; };
		6BA563CF278F1EE00056812A /* AppConstant.swift */ = {isa = PBXFileReference; lastKnownFileType = sourcecode.swift; path = AppConstant.swift; sourceTree = "<group>"; };
		6BA563D2278F26B30056812A /* EmployeeProvider.swift */ = {isa = PBXFileReference; lastKnownFileType = sourcecode.swift; path = EmployeeProvider.swift; sourceTree = "<group>"; };
		6BA563DA278F60A80056812A /* Protocols.swift */ = {isa = PBXFileReference; lastKnownFileType = sourcecode.swift; path = Protocols.swift; sourceTree = "<group>"; };
		6BA563DF278FE5AC0056812A /* ViewController+Ext.swift */ = {isa = PBXFileReference; lastKnownFileType = sourcecode.swift; path = "ViewController+Ext.swift"; sourceTree = "<group>"; };
		6BA563E1278FE64C0056812A /* UITextField+Ext.swift */ = {isa = PBXFileReference; lastKnownFileType = sourcecode.swift; path = "UITextField+Ext.swift"; sourceTree = "<group>"; };
		6BA563E3278FE6870056812A /* Validator.swift */ = {isa = PBXFileReference; lastKnownFileType = sourcecode.swift; path = Validator.swift; sourceTree = "<group>"; };
		6BA563E5278FE76A0056812A /* AlertMessage.swift */ = {isa = PBXFileReference; lastKnownFileType = sourcecode.swift; path = AlertMessage.swift; sourceTree = "<group>"; };
		6BA563E7278FE8F00056812A /* String+Ext.swift */ = {isa = PBXFileReference; lastKnownFileType = sourcecode.swift; path = "String+Ext.swift"; sourceTree = "<group>"; };
		6BA63C9027857C7B00C95B4E /* Employee+CoreDataClass.swift */ = {isa = PBXFileReference; lastKnownFileType = sourcecode.swift; path = "Employee+CoreDataClass.swift"; sourceTree = "<group>"; };
		6BA63C9127857C7C00C95B4E /* Employee+CoreDataProperties.swift */ = {isa = PBXFileReference; lastKnownFileType = sourcecode.swift; path = "Employee+CoreDataProperties.swift"; sourceTree = "<group>"; };
		6BA63C9527857CBB00C95B4E /* CoreData.framework */ = {isa = PBXFileReference; lastKnownFileType = wrapper.framework; name = CoreData.framework; path = System/Library/Frameworks/CoreData.framework; sourceTree = SDKROOT; };
		6BAB52B12797BC2200046579 /* CustomUITextField.swift */ = {isa = PBXFileReference; lastKnownFileType = sourcecode.swift; path = CustomUITextField.swift; sourceTree = "<group>"; };
		6BAEC452279496E90072CA87 /* AddEmployeeView.swift */ = {isa = PBXFileReference; lastKnownFileType = sourcecode.swift; path = AddEmployeeView.swift; sourceTree = "<group>"; };
		6BAEC454279496F50072CA87 /* AddEmployeeView.xib */ = {isa = PBXFileReference; lastKnownFileType = file.xib; path = AddEmployeeView.xib; sourceTree = "<group>"; };
		6BB45AB6278016E2002FA7E3 /* EmployeeDBWithMVVm.app */ = {isa = PBXFileReference; explicitFileType = wrapper.application; includeInIndex = 0; path = EmployeeDBWithMVVm.app; sourceTree = BUILT_PRODUCTS_DIR; };
		6BB45AB9278016E2002FA7E3 /* AppDelegate.swift */ = {isa = PBXFileReference; lastKnownFileType = sourcecode.swift; path = AppDelegate.swift; sourceTree = "<group>"; };
		6BB45ABB278016E2002FA7E3 /* SceneDelegate.swift */ = {isa = PBXFileReference; lastKnownFileType = sourcecode.swift; path = SceneDelegate.swift; sourceTree = "<group>"; };
		6BB45ABD278016E2002FA7E3 /* ViewController.swift */ = {isa = PBXFileReference; lastKnownFileType = sourcecode.swift; path = ViewController.swift; sourceTree = "<group>"; };
		6BB45AC0278016E2002FA7E3 /* Base */ = {isa = PBXFileReference; lastKnownFileType = file.storyboard; name = Base; path = Base.lproj/Main.storyboard; sourceTree = "<group>"; };
		6BB45AC3278016E2002FA7E3 /* EmployeeDBWithMVVm.xcdatamodel */ = {isa = PBXFileReference; lastKnownFileType = wrapper.xcdatamodel; path = EmployeeDBWithMVVm.xcdatamodel; sourceTree = "<group>"; };
		6BB45AC5278016E6002FA7E3 /* Assets.xcassets */ = {isa = PBXFileReference; lastKnownFileType = folder.assetcatalog; path = Assets.xcassets; sourceTree = "<group>"; };
		6BB45AC8278016E6002FA7E3 /* Base */ = {isa = PBXFileReference; lastKnownFileType = file.storyboard; name = Base; path = Base.lproj/LaunchScreen.storyboard; sourceTree = "<group>"; };
		6BB45ACA278016E6002FA7E3 /* Info.plist */ = {isa = PBXFileReference; lastKnownFileType = text.plist.xml; path = Info.plist; sourceTree = "<group>"; };
		6BB45ACF278016E6002FA7E3 /* EmployeeDBWithMVVmTests.xctest */ = {isa = PBXFileReference; explicitFileType = wrapper.cfbundle; includeInIndex = 0; path = EmployeeDBWithMVVmTests.xctest; sourceTree = BUILT_PRODUCTS_DIR; };
		6BB45AD3278016E6002FA7E3 /* EmployeeDBWithMVVmTests.swift */ = {isa = PBXFileReference; lastKnownFileType = sourcecode.swift; path = EmployeeDBWithMVVmTests.swift; sourceTree = "<group>"; };
		6BB45AD9278016E6002FA7E3 /* EmployeeDBWithMVVmUITests.xctest */ = {isa = PBXFileReference; explicitFileType = wrapper.cfbundle; includeInIndex = 0; path = EmployeeDBWithMVVmUITests.xctest; sourceTree = BUILT_PRODUCTS_DIR; };
		6BB45ADD278016E6002FA7E3 /* EmployeeDBWithMVVmUITests.swift */ = {isa = PBXFileReference; lastKnownFileType = sourcecode.swift; path = EmployeeDBWithMVVmUITests.swift; sourceTree = "<group>"; };
		6BB45ADF278016E6002FA7E3 /* EmployeeDBWithMVVmUITestsLaunchTests.swift */ = {isa = PBXFileReference; lastKnownFileType = sourcecode.swift; path = EmployeeDBWithMVVmUITestsLaunchTests.swift; sourceTree = "<group>"; };
		6BF1886D278594B3001E5995 /* CustomButton.swift */ = {isa = PBXFileReference; lastKnownFileType = sourcecode.swift; path = CustomButton.swift; sourceTree = "<group>"; };
		6BF1886F27859690001E5995 /* DatabaseHelper.swift */ = {isa = PBXFileReference; lastKnownFileType = sourcecode.swift; path = DatabaseHelper.swift; sourceTree = "<group>"; };
		6BF18872278597B1001E5995 /* ViewControllerViewModel.swift */ = {isa = PBXFileReference; lastKnownFileType = sourcecode.swift; path = ViewControllerViewModel.swift; sourceTree = "<group>"; };
		6BF1887427859F51001E5995 /* CustomTableViewCell.swift */ = {isa = PBXFileReference; lastKnownFileType = sourcecode.swift; path = CustomTableViewCell.swift; sourceTree = "<group>"; };
		6BF1887527859F51001E5995 /* CustomTableViewCell.xib */ = {isa = PBXFileReference; lastKnownFileType = file.xib; path = CustomTableViewCell.xib; sourceTree = "<group>"; };
		704AF578CF5CB4762C4FF662 /* Pods-EmployeeDBWithMVVmTests.debug.xcconfig */ = {isa = PBXFileReference; includeInIndex = 1; lastKnownFileType = text.xcconfig; name = "Pods-EmployeeDBWithMVVmTests.debug.xcconfig"; path = "Target Support Files/Pods-EmployeeDBWithMVVmTests/Pods-EmployeeDBWithMVVmTests.debug.xcconfig"; sourceTree = "<group>"; };
		7EA75B2B7C96AE48B54FD7AC /* Pods-EmployeeDBWithMVVm.release.xcconfig */ = {isa = PBXFileReference; includeInIndex = 1; lastKnownFileType = text.xcconfig; name = "Pods-EmployeeDBWithMVVm.release.xcconfig"; path = "Target Support Files/Pods-EmployeeDBWithMVVm/Pods-EmployeeDBWithMVVm.release.xcconfig"; sourceTree = "<group>"; };
		C4B86B7540EF91005D52DF6E /* Pods_EmployeeDBWithMVVm_EmployeeDBWithMVVmUITests.framework */ = {isa = PBXFileReference; explicitFileType = wrapper.framework; includeInIndex = 0; path = Pods_EmployeeDBWithMVVm_EmployeeDBWithMVVmUITests.framework; sourceTree = BUILT_PRODUCTS_DIR; };
		CB5CC794E3FA08C50B0EF0DD /* Pods_EmployeeDBWithMVVmTests.framework */ = {isa = PBXFileReference; explicitFileType = wrapper.framework; includeInIndex = 0; path = Pods_EmployeeDBWithMVVmTests.framework; sourceTree = BUILT_PRODUCTS_DIR; };
		CDB60307FB333E2225D5AD54 /* Pods-EmployeeDBWithMVVm-EmployeeDBWithMVVmUITests.debug.xcconfig */ = {isa = PBXFileReference; includeInIndex = 1; lastKnownFileType = text.xcconfig; name = "Pods-EmployeeDBWithMVVm-EmployeeDBWithMVVmUITests.debug.xcconfig"; path = "Target Support Files/Pods-EmployeeDBWithMVVm-EmployeeDBWithMVVmUITests/Pods-EmployeeDBWithMVVm-EmployeeDBWithMVVmUITests.debug.xcconfig"; sourceTree = "<group>"; };
		E87297E4CC691A1735D9B7BF /* Pods-EmployeeDBWithMVVmTests.release.xcconfig */ = {isa = PBXFileReference; includeInIndex = 1; lastKnownFileType = text.xcconfig; name = "Pods-EmployeeDBWithMVVmTests.release.xcconfig"; path = "Target Support Files/Pods-EmployeeDBWithMVVmTests/Pods-EmployeeDBWithMVVmTests.release.xcconfig"; sourceTree = "<group>"; };
/* End PBXFileReference section */

/* Begin PBXFrameworksBuildPhase section */
		6BB45AB3278016E2002FA7E3 /* Frameworks */ = {
			isa = PBXFrameworksBuildPhase;
			buildActionMask = 2147483647;
			files = (
				6BA63C9627857CBB00C95B4E /* CoreData.framework in Frameworks */,
				FA97DEB4C8B336A319F230B9 /* Pods_EmployeeDBWithMVVm.framework in Frameworks */,
			);
			runOnlyForDeploymentPostprocessing = 0;
		};
		6BB45ACC278016E6002FA7E3 /* Frameworks */ = {
			isa = PBXFrameworksBuildPhase;
			buildActionMask = 2147483647;
			files = (
				837B62569A99FF41FE394EB5 /* Pods_EmployeeDBWithMVVmTests.framework in Frameworks */,
			);
			runOnlyForDeploymentPostprocessing = 0;
		};
		6BB45AD6278016E6002FA7E3 /* Frameworks */ = {
			isa = PBXFrameworksBuildPhase;
			buildActionMask = 2147483647;
			files = (
				F1D31924055FEE2E939B2765 /* Pods_EmployeeDBWithMVVm_EmployeeDBWithMVVmUITests.framework in Frameworks */,
			);
			runOnlyForDeploymentPostprocessing = 0;
		};
/* End PBXFrameworksBuildPhase section */

/* Begin PBXGroup section */
		6BA563C5278F192F0056812A /* Utility */ = {
			isa = PBXGroup;
			children = (
				6BF1886C2785949A001E5995 /* Custom Files */,
				6BA563C6278F19600056812A /* GlobalUtility.swift */,
			);
			path = Utility;
			sourceTree = "<group>";
		};
		6BA563C8278F19F50056812A /* Helper */ = {
			isa = PBXGroup;
			children = (
				6BA563D9278F60920056812A /* Protocols */,
				6BA563D1278F269E0056812A /* DataProvider */,
				6BA563CE278F1EB50056812A /* Constants */,
				6BA563CB278F1E5B0056812A /* Extensions */,
				6BF1886F27859690001E5995 /* DatabaseHelper.swift */,
				6BA563C9278F1B630056812A /* StoryBoardHelper.swift */,
				6BA563E3278FE6870056812A /* Validator.swift */,
			);
			path = Helper;
			sourceTree = "<group>";
		};
		6BA563CB278F1E5B0056812A /* Extensions */ = {
			isa = PBXGroup;
			children = (
				6BA563CC278F1E6E0056812A /* UiViewController+Ext.swift */,
				6BA563DF278FE5AC0056812A /* ViewController+Ext.swift */,
				6BA563E1278FE64C0056812A /* UITextField+Ext.swift */,
				6BA563E7278FE8F00056812A /* String+Ext.swift */,
				6B8F3BBE27952A4700564823 /* AddEmployee+Ext.swift */,
				6B8F3BC027952B3700564823 /* UIView+Ext.swift */,
				6B4734D027A78D2800F1D401 /* AddEmployeeDetails+EXT.swift */,
			);
			path = Extensions;
			sourceTree = "<group>";
		};
		6BA563CE278F1EB50056812A /* Constants */ = {
			isa = PBXGroup;
			children = (
				6BA563CF278F1EE00056812A /* AppConstant.swift */,
				6BA563E5278FE76A0056812A /* AlertMessage.swift */,
			);
			path = Constants;
			sourceTree = "<group>";
		};
		6BA563D1278F269E0056812A /* DataProvider */ = {
			isa = PBXGroup;
			children = (
				6BA563D2278F26B30056812A /* EmployeeProvider.swift */,
			);
			path = DataProvider;
			sourceTree = "<group>";
		};
		6BA563D4278F42EA0056812A /* View */ = {
			isa = PBXGroup;
			children = (
				6BF1887427859F51001E5995 /* CustomTableViewCell.swift */,
				6BF1887527859F51001E5995 /* CustomTableViewCell.xib */,
				6BAEC452279496E90072CA87 /* AddEmployeeView.swift */,
				6BAEC454279496F50072CA87 /* AddEmployeeView.xib */,
				6B4734CA27A77F0800F1D401 /* AddEmployee.swift */,
				6B4734CC27A77F1800F1D401 /* AddEmployee.xib */,
			);
			path = View;
			sourceTree = "<group>";
		};
		6BA563D9278F60920056812A /* Protocols */ = {
			isa = PBXGroup;
			children = (
				6BA563DA278F60A80056812A /* Protocols.swift */,
			);
			path = Protocols;
			sourceTree = "<group>";
		};
		6BA563DC278FE1B50056812A /* Controller */ = {
			isa = PBXGroup;
			children = (
				6BB45ABD278016E2002FA7E3 /* ViewController.swift */,
				6BA563C2278F174A0056812A /* ListViewController.swift */,
			);
			path = Controller;
			sourceTree = "<group>";
		};
		6BA563DD278FE1F20056812A /* StoryBoard */ = {
			isa = PBXGroup;
			children = (
				6BB45ABF278016E2002FA7E3 /* Main.storyboard */,
			);
			path = StoryBoard;
			sourceTree = "<group>";
		};
		6BA563DE278FE2190056812A /* Model */ = {
			isa = PBXGroup;
			children = (
				6BB45AC2278016E2002FA7E3 /* EmployeeDBWithMVVm.xcdatamodeld */,
				6BA63C9127857C7C00C95B4E /* Employee+CoreDataProperties.swift */,
				6BA63C9027857C7B00C95B4E /* Employee+CoreDataClass.swift */,
			);
			path = Model;
			sourceTree = "<group>";
		};
		6BA63C9427857CBB00C95B4E /* Frameworks */ = {
			isa = PBXGroup;
			children = (
				6BA63C9527857CBB00C95B4E /* CoreData.framework */,
				0394A8E64C4889247E42F775 /* Pods_EmployeeDBWithMVVm.framework */,
				C4B86B7540EF91005D52DF6E /* Pods_EmployeeDBWithMVVm_EmployeeDBWithMVVmUITests.framework */,
				CB5CC794E3FA08C50B0EF0DD /* Pods_EmployeeDBWithMVVmTests.framework */,
			);
			name = Frameworks;
			sourceTree = "<group>";
		};
		6BB45AAD278016E2002FA7E3 = {
			isa = PBXGroup;
			children = (
				6BB45AB8278016E2002FA7E3 /* EmployeeDBWithMVVm */,
				6BB45AD2278016E6002FA7E3 /* EmployeeDBWithMVVmTests */,
				6BB45ADC278016E6002FA7E3 /* EmployeeDBWithMVVmUITests */,
				6BB45AB7278016E2002FA7E3 /* Products */,
				6BA63C9427857CBB00C95B4E /* Frameworks */,
				DC1ED347B971D4F33EDB0269 /* Pods */,
			);
			sourceTree = "<group>";
		};
		6BB45AB7278016E2002FA7E3 /* Products */ = {
			isa = PBXGroup;
			children = (
				6BB45AB6278016E2002FA7E3 /* EmployeeDBWithMVVm.app */,
				6BB45ACF278016E6002FA7E3 /* EmployeeDBWithMVVmTests.xctest */,
				6BB45AD9278016E6002FA7E3 /* EmployeeDBWithMVVmUITests.xctest */,
			);
			name = Products;
			sourceTree = "<group>";
		};
		6BB45AB8278016E2002FA7E3 /* EmployeeDBWithMVVm */ = {
			isa = PBXGroup;
			children = (
				6BB45AB9278016E2002FA7E3 /* AppDelegate.swift */,
				6BB45ABB278016E2002FA7E3 /* SceneDelegate.swift */,
				6BA563DE278FE2190056812A /* Model */,
				6BA563D4278F42EA0056812A /* View */,
				6BF188712785978B001E5995 /* ViewModel */,
				6BA563DC278FE1B50056812A /* Controller */,
				6BA563DD278FE1F20056812A /* StoryBoard */,
				6BA563C8278F19F50056812A /* Helper */,
				6BA563C5278F192F0056812A /* Utility */,
				6BB45AC5278016E6002FA7E3 /* Assets.xcassets */,
				6BB45AC7278016E6002FA7E3 /* LaunchScreen.storyboard */,
				6BB45ACA278016E6002FA7E3 /* Info.plist */,
			);
			path = EmployeeDBWithMVVm;
			sourceTree = "<group>";
		};
		6BB45AD2278016E6002FA7E3 /* EmployeeDBWithMVVmTests */ = {
			isa = PBXGroup;
			children = (
				6BB45AD3278016E6002FA7E3 /* EmployeeDBWithMVVmTests.swift */,
			);
			path = EmployeeDBWithMVVmTests;
			sourceTree = "<group>";
		};
		6BB45ADC278016E6002FA7E3 /* EmployeeDBWithMVVmUITests */ = {
			isa = PBXGroup;
			children = (
				6BB45ADD278016E6002FA7E3 /* EmployeeDBWithMVVmUITests.swift */,
				6BB45ADF278016E6002FA7E3 /* EmployeeDBWithMVVmUITestsLaunchTests.swift */,
			);
			path = EmployeeDBWithMVVmUITests;
			sourceTree = "<group>";
		};
		6BF1886C2785949A001E5995 /* Custom Files */ = {
			isa = PBXGroup;
			children = (
				6BF1886D278594B3001E5995 /* CustomButton.swift */,
				6BAB52B12797BC2200046579 /* CustomUITextField.swift */,
				6B4734C327A77D0700F1D401 /* CustomTextField.swift */,
				6B4734C627A77D2600F1D401 /* CustomTextField.xib */,
				6B4734C827A77E7D00F1D401 /* DesignableTExtField.swift */,
				6B4734CE27A7863F00F1D401 /* CustomLabel.swift */,
			);
			path = "Custom Files";
			sourceTree = "<group>";
		};
		6BF188712785978B001E5995 /* ViewModel */ = {
			isa = PBXGroup;
			children = (
				6BF18872278597B1001E5995 /* ViewControllerViewModel.swift */,
			);
			path = ViewModel;
			sourceTree = "<group>";
		};
		DC1ED347B971D4F33EDB0269 /* Pods */ = {
			isa = PBXGroup;
			children = (
				0AC3A0EDBE2D03CED89F2D8F /* Pods-EmployeeDBWithMVVm.debug.xcconfig */,
				7EA75B2B7C96AE48B54FD7AC /* Pods-EmployeeDBWithMVVm.release.xcconfig */,
				CDB60307FB333E2225D5AD54 /* Pods-EmployeeDBWithMVVm-EmployeeDBWithMVVmUITests.debug.xcconfig */,
				396CB2E89B4BE6920AC6B72F /* Pods-EmployeeDBWithMVVm-EmployeeDBWithMVVmUITests.release.xcconfig */,
				704AF578CF5CB4762C4FF662 /* Pods-EmployeeDBWithMVVmTests.debug.xcconfig */,
				E87297E4CC691A1735D9B7BF /* Pods-EmployeeDBWithMVVmTests.release.xcconfig */,
			);
			path = Pods;
			sourceTree = "<group>";
		};
/* End PBXGroup section */

/* Begin PBXNativeTarget section */
		6BB45AB5278016E2002FA7E3 /* EmployeeDBWithMVVm */ = {
			isa = PBXNativeTarget;
			buildConfigurationList = 6BB45AE3278016E6002FA7E3 /* Build configuration list for PBXNativeTarget "EmployeeDBWithMVVm" */;
			buildPhases = (
				4D0764CBE81476993020D33C /* [CP] Check Pods Manifest.lock */,
				6BB45AB2278016E2002FA7E3 /* Sources */,
				6BB45AB3278016E2002FA7E3 /* Frameworks */,
				6BB45AB4278016E2002FA7E3 /* Resources */,
				B76E28FE12A7FB7D970228E7 /* [CP] Embed Pods Frameworks */,
			);
			buildRules = (
			);
			dependencies = (
			);
			name = EmployeeDBWithMVVm;
			productName = EmployeeDBWithMVVm;
			productReference = 6BB45AB6278016E2002FA7E3 /* EmployeeDBWithMVVm.app */;
			productType = "com.apple.product-type.application";
		};
		6BB45ACE278016E6002FA7E3 /* EmployeeDBWithMVVmTests */ = {
			isa = PBXNativeTarget;
			buildConfigurationList = 6BB45AE6278016E6002FA7E3 /* Build configuration list for PBXNativeTarget "EmployeeDBWithMVVmTests" */;
			buildPhases = (
				57881501C8BB32513F9D4D58 /* [CP] Check Pods Manifest.lock */,
				6BB45ACB278016E6002FA7E3 /* Sources */,
				6BB45ACC278016E6002FA7E3 /* Frameworks */,
				6BB45ACD278016E6002FA7E3 /* Resources */,
			);
			buildRules = (
			);
			dependencies = (
				6BB45AD1278016E6002FA7E3 /* PBXTargetDependency */,
			);
			name = EmployeeDBWithMVVmTests;
			productName = EmployeeDBWithMVVmTests;
			productReference = 6BB45ACF278016E6002FA7E3 /* EmployeeDBWithMVVmTests.xctest */;
			productType = "com.apple.product-type.bundle.unit-test";
		};
		6BB45AD8278016E6002FA7E3 /* EmployeeDBWithMVVmUITests */ = {
			isa = PBXNativeTarget;
			buildConfigurationList = 6BB45AE9278016E6002FA7E3 /* Build configuration list for PBXNativeTarget "EmployeeDBWithMVVmUITests" */;
			buildPhases = (
				128D49D31A74B2E99FE22F96 /* [CP] Check Pods Manifest.lock */,
				6BB45AD5278016E6002FA7E3 /* Sources */,
				6BB45AD6278016E6002FA7E3 /* Frameworks */,
				6BB45AD7278016E6002FA7E3 /* Resources */,
				DC2E7CCDC1D9DFED31896F9A /* [CP] Embed Pods Frameworks */,
			);
			buildRules = (
			);
			dependencies = (
				6BB45ADB278016E6002FA7E3 /* PBXTargetDependency */,
			);
			name = EmployeeDBWithMVVmUITests;
			productName = EmployeeDBWithMVVmUITests;
			productReference = 6BB45AD9278016E6002FA7E3 /* EmployeeDBWithMVVmUITests.xctest */;
			productType = "com.apple.product-type.bundle.ui-testing";
		};
/* End PBXNativeTarget section */

/* Begin PBXProject section */
		6BB45AAE278016E2002FA7E3 /* Project object */ = {
			isa = PBXProject;
			attributes = {
				BuildIndependentTargetsInParallel = 1;
				LastSwiftUpdateCheck = 1310;
				LastUpgradeCheck = 1310;
				TargetAttributes = {
					6BB45AB5278016E2002FA7E3 = {
						CreatedOnToolsVersion = 13.1;
					};
					6BB45ACE278016E6002FA7E3 = {
						CreatedOnToolsVersion = 13.1;
						TestTargetID = 6BB45AB5278016E2002FA7E3;
					};
					6BB45AD8278016E6002FA7E3 = {
						CreatedOnToolsVersion = 13.1;
						TestTargetID = 6BB45AB5278016E2002FA7E3;
					};
				};
			};
			buildConfigurationList = 6BB45AB1278016E2002FA7E3 /* Build configuration list for PBXProject "EmployeeDBWithMVVm" */;
			compatibilityVersion = "Xcode 13.0";
			developmentRegion = en;
			hasScannedForEncodings = 0;
			knownRegions = (
				en,
				Base,
			);
			mainGroup = 6BB45AAD278016E2002FA7E3;
			productRefGroup = 6BB45AB7278016E2002FA7E3 /* Products */;
			projectDirPath = "";
			projectRoot = "";
			targets = (
				6BB45AB5278016E2002FA7E3 /* EmployeeDBWithMVVm */,
				6BB45ACE278016E6002FA7E3 /* EmployeeDBWithMVVmTests */,
				6BB45AD8278016E6002FA7E3 /* EmployeeDBWithMVVmUITests */,
			);
		};
/* End PBXProject section */

/* Begin PBXResourcesBuildPhase section */
		6BB45AB4278016E2002FA7E3 /* Resources */ = {
			isa = PBXResourcesBuildPhase;
			buildActionMask = 2147483647;
			files = (
				6BAEC455279496F50072CA87 /* AddEmployeeView.xib in Resources */,
				6BB45AC9278016E6002FA7E3 /* LaunchScreen.storyboard in Resources */,
				6B4734C727A77D2600F1D401 /* CustomTextField.xib in Resources */,
				6BB45AC6278016E6002FA7E3 /* Assets.xcassets in Resources */,
				6BF1887727859F51001E5995 /* CustomTableViewCell.xib in Resources */,
				6B4734CD27A77F1800F1D401 /* AddEmployee.xib in Resources */,
				6BB45AC1278016E2002FA7E3 /* Main.storyboard in Resources */,
			);
			runOnlyForDeploymentPostprocessing = 0;
		};
		6BB45ACD278016E6002FA7E3 /* Resources */ = {
			isa = PBXResourcesBuildPhase;
			buildActionMask = 2147483647;
			files = (
			);
			runOnlyForDeploymentPostprocessing = 0;
		};
		6BB45AD7278016E6002FA7E3 /* Resources */ = {
			isa = PBXResourcesBuildPhase;
			buildActionMask = 2147483647;
			files = (
			);
			runOnlyForDeploymentPostprocessing = 0;
		};
/* End PBXResourcesBuildPhase section */

/* Begin PBXShellScriptBuildPhase section */
		128D49D31A74B2E99FE22F96 /* [CP] Check Pods Manifest.lock */ = {
			isa = PBXShellScriptBuildPhase;
			buildActionMask = 2147483647;
			files = (
			);
			inputFileListPaths = (
			);
			inputPaths = (
				"${PODS_PODFILE_DIR_PATH}/Podfile.lock",
				"${PODS_ROOT}/Manifest.lock",
			);
			name = "[CP] Check Pods Manifest.lock";
			outputFileListPaths = (
			);
			outputPaths = (
				"$(DERIVED_FILE_DIR)/Pods-EmployeeDBWithMVVm-EmployeeDBWithMVVmUITests-checkManifestLockResult.txt",
			);
			runOnlyForDeploymentPostprocessing = 0;
			shellPath = /bin/sh;
			shellScript = "diff \"${PODS_PODFILE_DIR_PATH}/Podfile.lock\" \"${PODS_ROOT}/Manifest.lock\" > /dev/null\nif [ $? != 0 ] ; then\n    # print error to STDERR\n    echo \"error: The sandbox is not in sync with the Podfile.lock. Run 'pod install' or update your CocoaPods installation.\" >&2\n    exit 1\nfi\n# This output is used by Xcode 'outputs' to avoid re-running this script phase.\necho \"SUCCESS\" > \"${SCRIPT_OUTPUT_FILE_0}\"\n";
			showEnvVarsInLog = 0;
		};
		4D0764CBE81476993020D33C /* [CP] Check Pods Manifest.lock */ = {
			isa = PBXShellScriptBuildPhase;
			buildActionMask = 2147483647;
			files = (
			);
			inputFileListPaths = (
			);
			inputPaths = (
				"${PODS_PODFILE_DIR_PATH}/Podfile.lock",
				"${PODS_ROOT}/Manifest.lock",
			);
			name = "[CP] Check Pods Manifest.lock";
			outputFileListPaths = (
			);
			outputPaths = (
				"$(DERIVED_FILE_DIR)/Pods-EmployeeDBWithMVVm-checkManifestLockResult.txt",
			);
			runOnlyForDeploymentPostprocessing = 0;
			shellPath = /bin/sh;
			shellScript = "diff \"${PODS_PODFILE_DIR_PATH}/Podfile.lock\" \"${PODS_ROOT}/Manifest.lock\" > /dev/null\nif [ $? != 0 ] ; then\n    # print error to STDERR\n    echo \"error: The sandbox is not in sync with the Podfile.lock. Run 'pod install' or update your CocoaPods installation.\" >&2\n    exit 1\nfi\n# This output is used by Xcode 'outputs' to avoid re-running this script phase.\necho \"SUCCESS\" > \"${SCRIPT_OUTPUT_FILE_0}\"\n";
			showEnvVarsInLog = 0;
		};
		57881501C8BB32513F9D4D58 /* [CP] Check Pods Manifest.lock */ = {
			isa = PBXShellScriptBuildPhase;
			buildActionMask = 2147483647;
			files = (
			);
			inputFileListPaths = (
			);
			inputPaths = (
				"${PODS_PODFILE_DIR_PATH}/Podfile.lock",
				"${PODS_ROOT}/Manifest.lock",
			);
			name = "[CP] Check Pods Manifest.lock";
			outputFileListPaths = (
			);
			outputPaths = (
				"$(DERIVED_FILE_DIR)/Pods-EmployeeDBWithMVVmTests-checkManifestLockResult.txt",
			);
			runOnlyForDeploymentPostprocessing = 0;
			shellPath = /bin/sh;
			shellScript = "diff \"${PODS_PODFILE_DIR_PATH}/Podfile.lock\" \"${PODS_ROOT}/Manifest.lock\" > /dev/null\nif [ $? != 0 ] ; then\n    # print error to STDERR\n    echo \"error: The sandbox is not in sync with the Podfile.lock. Run 'pod install' or update your CocoaPods installation.\" >&2\n    exit 1\nfi\n# This output is used by Xcode 'outputs' to avoid re-running this script phase.\necho \"SUCCESS\" > \"${SCRIPT_OUTPUT_FILE_0}\"\n";
			showEnvVarsInLog = 0;
		};
		B76E28FE12A7FB7D970228E7 /* [CP] Embed Pods Frameworks */ = {
			isa = PBXShellScriptBuildPhase;
			buildActionMask = 2147483647;
			files = (
			);
			inputFileListPaths = (
				"${PODS_ROOT}/Target Support Files/Pods-EmployeeDBWithMVVm/Pods-EmployeeDBWithMVVm-frameworks-${CONFIGURATION}-input-files.xcfilelist",
			);
			name = "[CP] Embed Pods Frameworks";
			outputFileListPaths = (
				"${PODS_ROOT}/Target Support Files/Pods-EmployeeDBWithMVVm/Pods-EmployeeDBWithMVVm-frameworks-${CONFIGURATION}-output-files.xcfilelist",
			);
			runOnlyForDeploymentPostprocessing = 0;
			shellPath = /bin/sh;
			shellScript = "\"${PODS_ROOT}/Target Support Files/Pods-EmployeeDBWithMVVm/Pods-EmployeeDBWithMVVm-frameworks.sh\"\n";
			showEnvVarsInLog = 0;
		};
		DC2E7CCDC1D9DFED31896F9A /* [CP] Embed Pods Frameworks */ = {
			isa = PBXShellScriptBuildPhase;
			buildActionMask = 2147483647;
			files = (
			);
			inputFileListPaths = (
				"${PODS_ROOT}/Target Support Files/Pods-EmployeeDBWithMVVm-EmployeeDBWithMVVmUITests/Pods-EmployeeDBWithMVVm-EmployeeDBWithMVVmUITests-frameworks-${CONFIGURATION}-input-files.xcfilelist",
			);
			name = "[CP] Embed Pods Frameworks";
			outputFileListPaths = (
				"${PODS_ROOT}/Target Support Files/Pods-EmployeeDBWithMVVm-EmployeeDBWithMVVmUITests/Pods-EmployeeDBWithMVVm-EmployeeDBWithMVVmUITests-frameworks-${CONFIGURATION}-output-files.xcfilelist",
			);
			runOnlyForDeploymentPostprocessing = 0;
			shellPath = /bin/sh;
			shellScript = "\"${PODS_ROOT}/Target Support Files/Pods-EmployeeDBWithMVVm-EmployeeDBWithMVVmUITests/Pods-EmployeeDBWithMVVm-EmployeeDBWithMVVmUITests-frameworks.sh\"\n";
			showEnvVarsInLog = 0;
		};
/* End PBXShellScriptBuildPhase section */

/* Begin PBXSourcesBuildPhase section */
		6BB45AB2278016E2002FA7E3 /* Sources */ = {
			isa = PBXSourcesBuildPhase;
			buildActionMask = 2147483647;
			files = (
				6BB45ABE278016E2002FA7E3 /* ViewController.swift in Sources */,
				6B4734CF27A7863F00F1D401 /* CustomLabel.swift in Sources */,
				6BA63C9327857C7C00C95B4E /* Employee+CoreDataProperties.swift in Sources */,
				6BB45ABA278016E2002FA7E3 /* AppDelegate.swift in Sources */,
				6BA563C7278F19600056812A /* GlobalUtility.swift in Sources */,
				6BA563CA278F1B630056812A /* StoryBoardHelper.swift in Sources */,
				6B8F3BBF27952A4700564823 /* AddEmployee+Ext.swift in Sources */,
				6BAB52B22797BC2300046579 /* CustomUITextField.swift in Sources */,
				6BB45ABC278016E2002FA7E3 /* SceneDelegate.swift in Sources */,
				6B4734C427A77D0700F1D401 /* CustomTextField.swift in Sources */,
				6B4734D127A78D2800F1D401 /* AddEmployeeDetails+EXT.swift in Sources */,
				6BA563E0278FE5AC0056812A /* ViewController+Ext.swift in Sources */,
				6BA563D0278F1EE00056812A /* AppConstant.swift in Sources */,
				6BF1887027859690001E5995 /* DatabaseHelper.swift in Sources */,
				6BA563C3278F174A0056812A /* ListViewController.swift in Sources */,
				6BA563E8278FE8F00056812A /* String+Ext.swift in Sources */,
				6B8F3BC127952B3700564823 /* UIView+Ext.swift in Sources */,
				6BA563E2278FE64C0056812A /* UITextField+Ext.swift in Sources */,
				6BAEC453279496E90072CA87 /* AddEmployeeView.swift in Sources */,
				6BA563CD278F1E6E0056812A /* UiViewController+Ext.swift in Sources */,
				6BA563E4278FE6870056812A /* Validator.swift in Sources */,
				6BA563E6278FE76A0056812A /* AlertMessage.swift in Sources */,
				6BF1886E278594B3001E5995 /* CustomButton.swift in Sources */,
				6BF1887627859F51001E5995 /* CustomTableViewCell.swift in Sources */,
				6BA563D3278F26B30056812A /* EmployeeProvider.swift in Sources */,
				6BA63C9227857C7C00C95B4E /* Employee+CoreDataClass.swift in Sources */,
				6BF18873278597B1001E5995 /* ViewControllerViewModel.swift in Sources */,
				6BA563DB278F60A80056812A /* Protocols.swift in Sources */,
				6BB45AC4278016E2002FA7E3 /* EmployeeDBWithMVVm.xcdatamodeld in Sources */,
				6B4734CB27A77F0800F1D401 /* AddEmployee.swift in Sources */,
				6B4734C927A77E7D00F1D401 /* DesignableTExtField.swift in Sources */,
			);
			runOnlyForDeploymentPostprocessing = 0;
		};
		6BB45ACB278016E6002FA7E3 /* Sources */ = {
			isa = PBXSourcesBuildPhase;
			buildActionMask = 2147483647;
			files = (
				6BB45AD4278016E6002FA7E3 /* EmployeeDBWithMVVmTests.swift in Sources */,
			);
			runOnlyForDeploymentPostprocessing = 0;
		};
		6BB45AD5278016E6002FA7E3 /* Sources */ = {
			isa = PBXSourcesBuildPhase;
			buildActionMask = 2147483647;
			files = (
				6BB45AE0278016E6002FA7E3 /* EmployeeDBWithMVVmUITestsLaunchTests.swift in Sources */,
				6BB45ADE278016E6002FA7E3 /* EmployeeDBWithMVVmUITests.swift in Sources */,
			);
			runOnlyForDeploymentPostprocessing = 0;
		};
/* End PBXSourcesBuildPhase section */

/* Begin PBXTargetDependency section */
		6BB45AD1278016E6002FA7E3 /* PBXTargetDependency */ = {
			isa = PBXTargetDependency;
			target = 6BB45AB5278016E2002FA7E3 /* EmployeeDBWithMVVm */;
			targetProxy = 6BB45AD0278016E6002FA7E3 /* PBXContainerItemProxy */;
		};
		6BB45ADB278016E6002FA7E3 /* PBXTargetDependency */ = {
			isa = PBXTargetDependency;
			target = 6BB45AB5278016E2002FA7E3 /* EmployeeDBWithMVVm */;
			targetProxy = 6BB45ADA278016E6002FA7E3 /* PBXContainerItemProxy */;
		};
/* End PBXTargetDependency section */

/* Begin PBXVariantGroup section */
		6BB45ABF278016E2002FA7E3 /* Main.storyboard */ = {
			isa = PBXVariantGroup;
			children = (
				6BB45AC0278016E2002FA7E3 /* Base */,
			);
			name = Main.storyboard;
			sourceTree = "<group>";
		};
		6BB45AC7278016E6002FA7E3 /* LaunchScreen.storyboard */ = {
			isa = PBXVariantGroup;
			children = (
				6BB45AC8278016E6002FA7E3 /* Base */,
			);
			name = LaunchScreen.storyboard;
			sourceTree = "<group>";
		};
/* End PBXVariantGroup section */

/* Begin XCBuildConfiguration section */
		6BB45AE1278016E6002FA7E3 /* Debug */ = {
			isa = XCBuildConfiguration;
			buildSettings = {
				ALWAYS_SEARCH_USER_PATHS = NO;
				CLANG_ANALYZER_NONNULL = YES;
				CLANG_ANALYZER_NUMBER_OBJECT_CONVERSION = YES_AGGRESSIVE;
				CLANG_CXX_LANGUAGE_STANDARD = "gnu++17";
				CLANG_CXX_LIBRARY = "libc++";
				CLANG_ENABLE_MODULES = YES;
				CLANG_ENABLE_OBJC_ARC = YES;
				CLANG_ENABLE_OBJC_WEAK = YES;
				CLANG_WARN_BLOCK_CAPTURE_AUTORELEASING = YES;
				CLANG_WARN_BOOL_CONVERSION = YES;
				CLANG_WARN_COMMA = YES;
				CLANG_WARN_CONSTANT_CONVERSION = YES;
				CLANG_WARN_DEPRECATED_OBJC_IMPLEMENTATIONS = YES;
				CLANG_WARN_DIRECT_OBJC_ISA_USAGE = YES_ERROR;
				CLANG_WARN_DOCUMENTATION_COMMENTS = YES;
				CLANG_WARN_EMPTY_BODY = YES;
				CLANG_WARN_ENUM_CONVERSION = YES;
				CLANG_WARN_INFINITE_RECURSION = YES;
				CLANG_WARN_INT_CONVERSION = YES;
				CLANG_WARN_NON_LITERAL_NULL_CONVERSION = YES;
				CLANG_WARN_OBJC_IMPLICIT_RETAIN_SELF = YES;
				CLANG_WARN_OBJC_LITERAL_CONVERSION = YES;
				CLANG_WARN_OBJC_ROOT_CLASS = YES_ERROR;
				CLANG_WARN_QUOTED_INCLUDE_IN_FRAMEWORK_HEADER = YES;
				CLANG_WARN_RANGE_LOOP_ANALYSIS = YES;
				CLANG_WARN_STRICT_PROTOTYPES = YES;
				CLANG_WARN_SUSPICIOUS_MOVE = YES;
				CLANG_WARN_UNGUARDED_AVAILABILITY = YES_AGGRESSIVE;
				CLANG_WARN_UNREACHABLE_CODE = YES;
				CLANG_WARN__DUPLICATE_METHOD_MATCH = YES;
				COPY_PHASE_STRIP = NO;
				DEBUG_INFORMATION_FORMAT = dwarf;
				ENABLE_STRICT_OBJC_MSGSEND = YES;
				ENABLE_TESTABILITY = YES;
				GCC_C_LANGUAGE_STANDARD = gnu11;
				GCC_DYNAMIC_NO_PIC = NO;
				GCC_NO_COMMON_BLOCKS = YES;
				GCC_OPTIMIZATION_LEVEL = 0;
				GCC_PREPROCESSOR_DEFINITIONS = (
					"DEBUG=1",
					"$(inherited)",
				);
				GCC_WARN_64_TO_32_BIT_CONVERSION = YES;
				GCC_WARN_ABOUT_RETURN_TYPE = YES_ERROR;
				GCC_WARN_UNDECLARED_SELECTOR = YES;
				GCC_WARN_UNINITIALIZED_AUTOS = YES_AGGRESSIVE;
				GCC_WARN_UNUSED_FUNCTION = YES;
				GCC_WARN_UNUSED_VARIABLE = YES;
				IPHONEOS_DEPLOYMENT_TARGET = 15.0;
				MTL_ENABLE_DEBUG_INFO = INCLUDE_SOURCE;
				MTL_FAST_MATH = YES;
				ONLY_ACTIVE_ARCH = YES;
				SDKROOT = iphoneos;
				SWIFT_ACTIVE_COMPILATION_CONDITIONS = DEBUG;
				SWIFT_OPTIMIZATION_LEVEL = "-Onone";
			};
			name = Debug;
		};
		6BB45AE2278016E6002FA7E3 /* Release */ = {
			isa = XCBuildConfiguration;
			buildSettings = {
				ALWAYS_SEARCH_USER_PATHS = NO;
				CLANG_ANALYZER_NONNULL = YES;
				CLANG_ANALYZER_NUMBER_OBJECT_CONVERSION = YES_AGGRESSIVE;
				CLANG_CXX_LANGUAGE_STANDARD = "gnu++17";
				CLANG_CXX_LIBRARY = "libc++";
				CLANG_ENABLE_MODULES = YES;
				CLANG_ENABLE_OBJC_ARC = YES;
				CLANG_ENABLE_OBJC_WEAK = YES;
				CLANG_WARN_BLOCK_CAPTURE_AUTORELEASING = YES;
				CLANG_WARN_BOOL_CONVERSION = YES;
				CLANG_WARN_COMMA = YES;
				CLANG_WARN_CONSTANT_CONVERSION = YES;
				CLANG_WARN_DEPRECATED_OBJC_IMPLEMENTATIONS = YES;
				CLANG_WARN_DIRECT_OBJC_ISA_USAGE = YES_ERROR;
				CLANG_WARN_DOCUMENTATION_COMMENTS = YES;
				CLANG_WARN_EMPTY_BODY = YES;
				CLANG_WARN_ENUM_CONVERSION = YES;
				CLANG_WARN_INFINITE_RECURSION = YES;
				CLANG_WARN_INT_CONVERSION = YES;
				CLANG_WARN_NON_LITERAL_NULL_CONVERSION = YES;
				CLANG_WARN_OBJC_IMPLICIT_RETAIN_SELF = YES;
				CLANG_WARN_OBJC_LITERAL_CONVERSION = YES;
				CLANG_WARN_OBJC_ROOT_CLASS = YES_ERROR;
				CLANG_WARN_QUOTED_INCLUDE_IN_FRAMEWORK_HEADER = YES;
				CLANG_WARN_RANGE_LOOP_ANALYSIS = YES;
				CLANG_WARN_STRICT_PROTOTYPES = YES;
				CLANG_WARN_SUSPICIOUS_MOVE = YES;
				CLANG_WARN_UNGUARDED_AVAILABILITY = YES_AGGRESSIVE;
				CLANG_WARN_UNREACHABLE_CODE = YES;
				CLANG_WARN__DUPLICATE_METHOD_MATCH = YES;
				COPY_PHASE_STRIP = NO;
				DEBUG_INFORMATION_FORMAT = "dwarf-with-dsym";
				ENABLE_NS_ASSERTIONS = NO;
				ENABLE_STRICT_OBJC_MSGSEND = YES;
				GCC_C_LANGUAGE_STANDARD = gnu11;
				GCC_NO_COMMON_BLOCKS = YES;
				GCC_WARN_64_TO_32_BIT_CONVERSION = YES;
				GCC_WARN_ABOUT_RETURN_TYPE = YES_ERROR;
				GCC_WARN_UNDECLARED_SELECTOR = YES;
				GCC_WARN_UNINITIALIZED_AUTOS = YES_AGGRESSIVE;
				GCC_WARN_UNUSED_FUNCTION = YES;
				GCC_WARN_UNUSED_VARIABLE = YES;
				IPHONEOS_DEPLOYMENT_TARGET = 15.0;
				MTL_ENABLE_DEBUG_INFO = NO;
				MTL_FAST_MATH = YES;
				SDKROOT = iphoneos;
				SWIFT_COMPILATION_MODE = wholemodule;
				SWIFT_OPTIMIZATION_LEVEL = "-O";
				VALIDATE_PRODUCT = YES;
			};
			name = Release;
		};
		6BB45AE4278016E6002FA7E3 /* Debug */ = {
			isa = XCBuildConfiguration;
			baseConfigurationReference = 0AC3A0EDBE2D03CED89F2D8F /* Pods-EmployeeDBWithMVVm.debug.xcconfig */;
			buildSettings = {
				ASSETCATALOG_COMPILER_APPICON_NAME = AppIcon;
				ASSETCATALOG_COMPILER_GLOBAL_ACCENT_COLOR_NAME = AccentColor;
				CODE_SIGN_STYLE = Automatic;
				CURRENT_PROJECT_VERSION = 1;
				DEVELOPMENT_TEAM = NBH2P8F53A;
				GENERATE_INFOPLIST_FILE = YES;
				INFOPLIST_FILE = EmployeeDBWithMVVm/Info.plist;
				INFOPLIST_KEY_UIApplicationSupportsIndirectInputEvents = YES;
				INFOPLIST_KEY_UILaunchStoryboardName = LaunchScreen;
				INFOPLIST_KEY_UIMainStoryboardFile = Main;
				INFOPLIST_KEY_UISupportedInterfaceOrientations_iPad = "UIInterfaceOrientationPortrait UIInterfaceOrientationPortraitUpsideDown UIInterfaceOrientationLandscapeLeft UIInterfaceOrientationLandscapeRight";
				INFOPLIST_KEY_UISupportedInterfaceOrientations_iPhone = "UIInterfaceOrientationPortrait UIInterfaceOrientationLandscapeLeft UIInterfaceOrientationLandscapeRight";
				LD_RUNPATH_SEARCH_PATHS = (
					"$(inherited)",
					"@executable_path/Frameworks",
				);
				MARKETING_VERSION = 1.0;
				PRODUCT_BUNDLE_IDENTIFIER = com.Xento.EmployeeDBWithMVVm;
				PRODUCT_NAME = "$(TARGET_NAME)";
				SWIFT_EMIT_LOC_STRINGS = YES;
				SWIFT_VERSION = 5.0;
				TARGETED_DEVICE_FAMILY = "1,2";
			};
			name = Debug;
		};
		6BB45AE5278016E6002FA7E3 /* Release */ = {
			isa = XCBuildConfiguration;
			baseConfigurationReference = 7EA75B2B7C96AE48B54FD7AC /* Pods-EmployeeDBWithMVVm.release.xcconfig */;
			buildSettings = {
				ASSETCATALOG_COMPILER_APPICON_NAME = AppIcon;
				ASSETCATALOG_COMPILER_GLOBAL_ACCENT_COLOR_NAME = AccentColor;
				CODE_SIGN_STYLE = Automatic;
				CURRENT_PROJECT_VERSION = 1;
				DEVELOPMENT_TEAM = NBH2P8F53A;
				GENERATE_INFOPLIST_FILE = YES;
				INFOPLIST_FILE = EmployeeDBWithMVVm/Info.plist;
				INFOPLIST_KEY_UIApplicationSupportsIndirectInputEvents = YES;
				INFOPLIST_KEY_UILaunchStoryboardName = LaunchScreen;
				INFOPLIST_KEY_UIMainStoryboardFile = Main;
				INFOPLIST_KEY_UISupportedInterfaceOrientations_iPad = "UIInterfaceOrientationPortrait UIInterfaceOrientationPortraitUpsideDown UIInterfaceOrientationLandscapeLeft UIInterfaceOrientationLandscapeRight";
				INFOPLIST_KEY_UISupportedInterfaceOrientations_iPhone = "UIInterfaceOrientationPortrait UIInterfaceOrientationLandscapeLeft UIInterfaceOrientationLandscapeRight";
				LD_RUNPATH_SEARCH_PATHS = (
					"$(inherited)",
					"@executable_path/Frameworks",
				);
				MARKETING_VERSION = 1.0;
				PRODUCT_BUNDLE_IDENTIFIER = com.Xento.EmployeeDBWithMVVm;
				PRODUCT_NAME = "$(TARGET_NAME)";
				SWIFT_EMIT_LOC_STRINGS = YES;
				SWIFT_VERSION = 5.0;
				TARGETED_DEVICE_FAMILY = "1,2";
			};
			name = Release;
		};
		6BB45AE7278016E6002FA7E3 /* Debug */ = {
			isa = XCBuildConfiguration;
			baseConfigurationReference = 704AF578CF5CB4762C4FF662 /* Pods-EmployeeDBWithMVVmTests.debug.xcconfig */;
			buildSettings = {
				ALWAYS_EMBED_SWIFT_STANDARD_LIBRARIES = YES;
				BUNDLE_LOADER = "$(TEST_HOST)";
				CODE_SIGN_STYLE = Automatic;
				CURRENT_PROJECT_VERSION = 1;
				DEVELOPMENT_TEAM = NBH2P8F53A;
				GENERATE_INFOPLIST_FILE = YES;
				IPHONEOS_DEPLOYMENT_TARGET = 15.0;
				LD_RUNPATH_SEARCH_PATHS = (
					"$(inherited)",
					"@executable_path/Frameworks",
					"@loader_path/Frameworks",
				);
				MARKETING_VERSION = 1.0;
				PRODUCT_BUNDLE_IDENTIFIER = com.Xento.EmployeeDBWithMVVmTests;
				PRODUCT_NAME = "$(TARGET_NAME)";
				SWIFT_EMIT_LOC_STRINGS = NO;
				SWIFT_VERSION = 5.0;
				TARGETED_DEVICE_FAMILY = "1,2";
				TEST_HOST = "$(BUILT_PRODUCTS_DIR)/EmployeeDBWithMVVm.app/EmployeeDBWithMVVm";
			};
			name = Debug;
		};
		6BB45AE8278016E6002FA7E3 /* Release */ = {
			isa = XCBuildConfiguration;
			baseConfigurationReference = E87297E4CC691A1735D9B7BF /* Pods-EmployeeDBWithMVVmTests.release.xcconfig */;
			buildSettings = {
				ALWAYS_EMBED_SWIFT_STANDARD_LIBRARIES = YES;
				BUNDLE_LOADER = "$(TEST_HOST)";
				CODE_SIGN_STYLE = Automatic;
				CURRENT_PROJECT_VERSION = 1;
				DEVELOPMENT_TEAM = NBH2P8F53A;
				GENERATE_INFOPLIST_FILE = YES;
				IPHONEOS_DEPLOYMENT_TARGET = 15.0;
				LD_RUNPATH_SEARCH_PATHS = (
					"$(inherited)",
					"@executable_path/Frameworks",
					"@loader_path/Frameworks",
				);
				MARKETING_VERSION = 1.0;
				PRODUCT_BUNDLE_IDENTIFIER = com.Xento.EmployeeDBWithMVVmTests;
				PRODUCT_NAME = "$(TARGET_NAME)";
				SWIFT_EMIT_LOC_STRINGS = NO;
				SWIFT_VERSION = 5.0;
				TARGETED_DEVICE_FAMILY = "1,2";
				TEST_HOST = "$(BUILT_PRODUCTS_DIR)/EmployeeDBWithMVVm.app/EmployeeDBWithMVVm";
			};
			name = Release;
		};
		6BB45AEA278016E6002FA7E3 /* Debug */ = {
			isa = XCBuildConfiguration;
			baseConfigurationReference = CDB60307FB333E2225D5AD54 /* Pods-EmployeeDBWithMVVm-EmployeeDBWithMVVmUITests.debug.xcconfig */;
			buildSettings = {
				ALWAYS_EMBED_SWIFT_STANDARD_LIBRARIES = YES;
				CODE_SIGN_STYLE = Automatic;
				CURRENT_PROJECT_VERSION = 1;
				DEVELOPMENT_TEAM = NBH2P8F53A;
				GENERATE_INFOPLIST_FILE = YES;
				LD_RUNPATH_SEARCH_PATHS = (
					"$(inherited)",
					"@executable_path/Frameworks",
					"@loader_path/Frameworks",
				);
				MARKETING_VERSION = 1.0;
				PRODUCT_BUNDLE_IDENTIFIER = com.Xento.EmployeeDBWithMVVmUITests;
				PRODUCT_NAME = "$(TARGET_NAME)";
				SWIFT_EMIT_LOC_STRINGS = NO;
				SWIFT_VERSION = 5.0;
				TARGETED_DEVICE_FAMILY = "1,2";
				TEST_TARGET_NAME = EmployeeDBWithMVVm;
			};
			name = Debug;
		};
		6BB45AEB278016E6002FA7E3 /* Release */ = {
			isa = XCBuildConfiguration;
			baseConfigurationReference = 396CB2E89B4BE6920AC6B72F /* Pods-EmployeeDBWithMVVm-EmployeeDBWithMVVmUITests.release.xcconfig */;
			buildSettings = {
				ALWAYS_EMBED_SWIFT_STANDARD_LIBRARIES = YES;
				CODE_SIGN_STYLE = Automatic;
				CURRENT_PROJECT_VERSION = 1;
				DEVELOPMENT_TEAM = NBH2P8F53A;
				GENERATE_INFOPLIST_FILE = YES;
				LD_RUNPATH_SEARCH_PATHS = (
					"$(inherited)",
					"@executable_path/Frameworks",
					"@loader_path/Frameworks",
				);
				MARKETING_VERSION = 1.0;
				PRODUCT_BUNDLE_IDENTIFIER = com.Xento.EmployeeDBWithMVVmUITests;
				PRODUCT_NAME = "$(TARGET_NAME)";
				SWIFT_EMIT_LOC_STRINGS = NO;
				SWIFT_VERSION = 5.0;
				TARGETED_DEVICE_FAMILY = "1,2";
				TEST_TARGET_NAME = EmployeeDBWithMVVm;
			};
			name = Release;
		};
/* End XCBuildConfiguration section */

/* Begin XCConfigurationList section */
		6BB45AB1278016E2002FA7E3 /* Build configuration list for PBXProject "EmployeeDBWithMVVm" */ = {
			isa = XCConfigurationList;
			buildConfigurations = (
				6BB45AE1278016E6002FA7E3 /* Debug */,
				6BB45AE2278016E6002FA7E3 /* Release */,
			);
			defaultConfigurationIsVisible = 0;
			defaultConfigurationName = Release;
		};
		6BB45AE3278016E6002FA7E3 /* Build configuration list for PBXNativeTarget "EmployeeDBWithMVVm" */ = {
			isa = XCConfigurationList;
			buildConfigurations = (
				6BB45AE4278016E6002FA7E3 /* Debug */,
				6BB45AE5278016E6002FA7E3 /* Release */,
			);
			defaultConfigurationIsVisible = 0;
			defaultConfigurationName = Release;
		};
		6BB45AE6278016E6002FA7E3 /* Build configuration list for PBXNativeTarget "EmployeeDBWithMVVmTests" */ = {
			isa = XCConfigurationList;
			buildConfigurations = (
				6BB45AE7278016E6002FA7E3 /* Debug */,
				6BB45AE8278016E6002FA7E3 /* Release */,
			);
			defaultConfigurationIsVisible = 0;
			defaultConfigurationName = Release;
		};
		6BB45AE9278016E6002FA7E3 /* Build configuration list for PBXNativeTarget "EmployeeDBWithMVVmUITests" */ = {
			isa = XCConfigurationList;
			buildConfigurations = (
				6BB45AEA278016E6002FA7E3 /* Debug */,
				6BB45AEB278016E6002FA7E3 /* Release */,
			);
			defaultConfigurationIsVisible = 0;
			defaultConfigurationName = Release;
		};
/* End XCConfigurationList section */

/* Begin XCVersionGroup section */
		6BB45AC2278016E2002FA7E3 /* EmployeeDBWithMVVm.xcdatamodeld */ = {
			isa = XCVersionGroup;
			children = (
				6BB45AC3278016E2002FA7E3 /* EmployeeDBWithMVVm.xcdatamodel */,
			);
			currentVersion = 6BB45AC3278016E2002FA7E3 /* EmployeeDBWithMVVm.xcdatamodel */;
			path = EmployeeDBWithMVVm.xcdatamodeld;
			sourceTree = "<group>";
			versionGroupType = wrapper.xcdatamodel;
		};
/* End XCVersionGroup section */
	};
	rootObject = 6BB45AAE278016E2002FA7E3 /* Project object */;
}
